
Microsoft Visual Studio Solution File, Format Version 12.00
# Visual Studio Version 17
VisualStudioVersion = 17.5.33516.290
MinimumVisualStudioVersion = 10.0.40219.1
Project("{FAE04EC0-301F-11D3-BF4B-00C04F79EFBC}") = "HyperVectorDB", "HyperVectorDB\HyperVectorDB.csproj", "{8182FBCA-B867-4EFA-AD21-821B16813E5F}"
EndProject
Project("{2150E333-8FDC-42A3-9474-1A3956D46DE8}") = "Solution Items", "Solution Items", "{41BF05F8-FE1F-4F70-A352-E1C6B9A88D8D}"
	ProjectSection(SolutionItems) = preProject
		LICENSE.txt = LICENSE.txt
		README.md = README.md
	EndProjectSection
EndProject
Global
	GlobalSection(SolutionConfigurationPlatforms) = preSolution
		Debug|Any CPU = Debug|Any CPU
		Release|Any CPU = Release|Any CPU
	EndGlobalSection
	GlobalSection(ProjectConfigurationPlatforms) = postSolution
		{8182FBCA-B867-4EFA-AD21-821B16813E5F}.Debug|Any CPU.ActiveCfg = Debug|Any CPU
		{8182FBCA-B867-4EFA-AD21-821B16813E5F}.Debug|Any CPU.Build.0 = Debug|Any CPU
		{8182FBCA-B867-4EFA-AD21-821B16813E5F}.Release|Any CPU.ActiveCfg = Release|Any CPU
		{8182FBCA-B867-4EFA-AD21-821B16813E5F}.Release|Any CPU.Build.0 = Release|Any CPU
	EndGlobalSection
	GlobalSection(SolutionProperties) = preSolution
		HideSolutionNode = FALSE
	EndGlobalSection
	GlobalSection(ExtensibilityGlobals) = postSolution
		SolutionGuid = {4A6C362A-C05B-4753-9F84-ADF9026844C6}
	EndGlobalSection
EndGlobal
